// !$*UTF8*$!
{
	archiveVersion = 1;
	classes = {
	};
	objectVersion = 56;
	objects = {

/* Begin PBXBuildFile section */
		3F67A2FA2CF875E700A7F8D6 /* Alhasan - Account.storyboard in Resources */ = {isa = PBXBuildFile; fileRef = 3F67A2F92CF875E700A7F8D6 /* Alhasan - Account.storyboard */; };
		3F67A2FC2CF879CE00A7F8D6 /* LogInTableViewController.swift in Sources */ = {isa = PBXBuildFile; fileRef = 3F67A2FB2CF879CE00A7F8D6 /* LogInTableViewController.swift */; };
		5796866F2CF47BE000495313 /* AppDelegate.swift in Sources */ = {isa = PBXBuildFile; fileRef = 5796866E2CF47BE000495313 /* AppDelegate.swift */; };
		579686712CF47BE000495313 /* SceneDelegate.swift in Sources */ = {isa = PBXBuildFile; fileRef = 579686702CF47BE000495313 /* SceneDelegate.swift */; };
		579686732CF47BE000495313 /* ViewController.swift in Sources */ = {isa = PBXBuildFile; fileRef = 579686722CF47BE000495313 /* ViewController.swift */; };
		579686762CF47BE000495313 /* Main.storyboard in Resources */ = {isa = PBXBuildFile; fileRef = 579686742CF47BE000495313 /* Main.storyboard */; };
		579686782CF47BE200495313 /* Assets.xcassets in Resources */ = {isa = PBXBuildFile; fileRef = 579686772CF47BE200495313 /* Assets.xcassets */; };
		5796867B2CF47BE200495313 /* LaunchScreen.storyboard in Resources */ = {isa = PBXBuildFile; fileRef = 579686792CF47BE200495313 /* LaunchScreen.storyboard */; };
		579686862CF47BE300495313 /* LocalEventOrgTests.swift in Sources */ = {isa = PBXBuildFile; fileRef = 579686852CF47BE300495313 /* LocalEventOrgTests.swift */; };
		579686902CF47BE300495313 /* LocalEventOrgUITests.swift in Sources */ = {isa = PBXBuildFile; fileRef = 5796868F2CF47BE300495313 /* LocalEventOrgUITests.swift */; };
		579686922CF47BE300495313 /* LocalEventOrgUITestsLaunchTests.swift in Sources */ = {isa = PBXBuildFile; fileRef = 579686912CF47BE300495313 /* LocalEventOrgUITestsLaunchTests.swift */; };
		57D339782D01A57D00429D94 /* Abdulla - Home.storyboard in Resources */ = {isa = PBXBuildFile; fileRef = 57D339772D01A57D00429D94 /* Abdulla - Home.storyboard */; };
		7214F9EF2D05F2D000C1A5AA /* HomeViewController.swift in Sources */ = {isa = PBXBuildFile; fileRef = 7214F9EE2D05F2D000C1A5AA /* HomeViewController.swift */; };
		7214F9F12D05F37900C1A5AA /* UIColor+.swift in Sources */ = {isa = PBXBuildFile; fileRef = 7214F9F02D05F37900C1A5AA /* UIColor+.swift */; };
		7214F9F62D05F39400C1A5AA /* CategoryCollectionViewCell.swift in Sources */ = {isa = PBXBuildFile; fileRef = 7214F9F22D05F39400C1A5AA /* CategoryCollectionViewCell.swift */; };
		7214F9F72D05F39400C1A5AA /* PromotedAppCollectionViewCell.swift in Sources */ = {isa = PBXBuildFile; fileRef = 7214F9F32D05F39400C1A5AA /* PromotedAppCollectionViewCell.swift */; };
		7214F9F82D05F39400C1A5AA /* StandardAppCollectionViewCell.swift in Sources */ = {isa = PBXBuildFile; fileRef = 7214F9F42D05F39400C1A5AA /* StandardAppCollectionViewCell.swift */; };
		7214FA032D05F3A000C1A5AA /* LineView.swift in Sources */ = {isa = PBXBuildFile; fileRef = 7214FA002D05F3A000C1A5AA /* LineView.swift */; };
		7214FA042D05F3A000C1A5AA /* SectionHeaderView.swift in Sources */ = {isa = PBXBuildFile; fileRef = 7214FA012D05F3A000C1A5AA /* SectionHeaderView.swift */; };
		7214FA092D05F3AE00C1A5AA /* Item.swift in Sources */ = {isa = PBXBuildFile; fileRef = 7214FA062D05F3AD00C1A5AA /* Item.swift */; };
		7214FA0A2D05F3AE00C1A5AA /* App.swift in Sources */ = {isa = PBXBuildFile; fileRef = 7214FA082D05F3AD00C1A5AA /* App.swift */; };
		7214FA0B2D05F3AE00C1A5AA /* StoreCategory.swift in Sources */ = {isa = PBXBuildFile; fileRef = 7214FA072D05F3AD00C1A5AA /* StoreCategory.swift */; };
		C3C5434C2CF879A6003007CF /* Mohammed.storyboard in Resources */ = {isa = PBXBuildFile; fileRef = C3C5434B2CF879A6003007CF /* Mohammed.storyboard */; };
/* End PBXBuildFile section */

/* Begin PBXContainerItemProxy section */
		579686822CF47BE300495313 /* PBXContainerItemProxy */ = {
			isa = PBXContainerItemProxy;
			containerPortal = 579686632CF47BE000495313 /* Project object */;
			proxyType = 1;
			remoteGlobalIDString = 5796866A2CF47BE000495313;
			remoteInfo = LocalEventOrg;
		};
		5796868C2CF47BE300495313 /* PBXContainerItemProxy */ = {
			isa = PBXContainerItemProxy;
			containerPortal = 579686632CF47BE000495313 /* Project object */;
			proxyType = 1;
			remoteGlobalIDString = 5796866A2CF47BE000495313;
			remoteInfo = LocalEventOrg;
		};
/* End PBXContainerItemProxy section */

/* Begin PBXFileReference section */
		3F67A2F92CF875E700A7F8D6 /* Alhasan - Account.storyboard */ = {isa = PBXFileReference; lastKnownFileType = file.storyboard; path = "Alhasan - Account.storyboard"; sourceTree = "<group>"; };
		3F67A2FB2CF879CE00A7F8D6 /* LogInTableViewController.swift */ = {isa = PBXFileReference; lastKnownFileType = sourcecode.swift; path = LogInTableViewController.swift; sourceTree = "<group>"; };
		5796866B2CF47BE000495313 /* LocalEventOrg.app */ = {isa = PBXFileReference; explicitFileType = wrapper.application; includeInIndex = 0; path = LocalEventOrg.app; sourceTree = BUILT_PRODUCTS_DIR; };
		5796866E2CF47BE000495313 /* AppDelegate.swift */ = {isa = PBXFileReference; lastKnownFileType = sourcecode.swift; path = AppDelegate.swift; sourceTree = "<group>"; };
		579686702CF47BE000495313 /* SceneDelegate.swift */ = {isa = PBXFileReference; lastKnownFileType = sourcecode.swift; path = SceneDelegate.swift; sourceTree = "<group>"; };
		579686722CF47BE000495313 /* ViewController.swift */ = {isa = PBXFileReference; lastKnownFileType = sourcecode.swift; path = ViewController.swift; sourceTree = "<group>"; };
		579686752CF47BE000495313 /* Base */ = {isa = PBXFileReference; lastKnownFileType = file.storyboard; name = Base; path = Base.lproj/Main.storyboard; sourceTree = "<group>"; };
		579686772CF47BE200495313 /* Assets.xcassets */ = {isa = PBXFileReference; lastKnownFileType = folder.assetcatalog; path = Assets.xcassets; sourceTree = "<group>"; };
		5796867A2CF47BE200495313 /* Base */ = {isa = PBXFileReference; lastKnownFileType = file.storyboard; name = Base; path = Base.lproj/LaunchScreen.storyboard; sourceTree = "<group>"; };
		5796867C2CF47BE200495313 /* Info.plist */ = {isa = PBXFileReference; lastKnownFileType = text.plist.xml; path = Info.plist; sourceTree = "<group>"; };
		579686812CF47BE300495313 /* LocalEventOrgTests.xctest */ = {isa = PBXFileReference; explicitFileType = wrapper.cfbundle; includeInIndex = 0; path = LocalEventOrgTests.xctest; sourceTree = BUILT_PRODUCTS_DIR; };
		579686852CF47BE300495313 /* LocalEventOrgTests.swift */ = {isa = PBXFileReference; lastKnownFileType = sourcecode.swift; path = LocalEventOrgTests.swift; sourceTree = "<group>"; };
		5796868B2CF47BE300495313 /* LocalEventOrgUITests.xctest */ = {isa = PBXFileReference; explicitFileType = wrapper.cfbundle; includeInIndex = 0; path = LocalEventOrgUITests.xctest; sourceTree = BUILT_PRODUCTS_DIR; };
		5796868F2CF47BE300495313 /* LocalEventOrgUITests.swift */ = {isa = PBXFileReference; lastKnownFileType = sourcecode.swift; path = LocalEventOrgUITests.swift; sourceTree = "<group>"; };
		579686912CF47BE300495313 /* LocalEventOrgUITestsLaunchTests.swift */ = {isa = PBXFileReference; lastKnownFileType = sourcecode.swift; path = LocalEventOrgUITestsLaunchTests.swift; sourceTree = "<group>"; };
		57D339772D01A57D00429D94 /* Abdulla - Home.storyboard */ = {isa = PBXFileReference; lastKnownFileType = file.storyboard; path = "Abdulla - Home.storyboard"; sourceTree = "<group>"; };
		7214F9EE2D05F2D000C1A5AA /* HomeViewController.swift */ = {isa = PBXFileReference; lastKnownFileType = sourcecode.swift; path = HomeViewController.swift; sourceTree = "<group>"; };
		7214F9F02D05F37900C1A5AA /* UIColor+.swift */ = {isa = PBXFileReference; fileEncoding = 4; lastKnownFileType = sourcecode.swift; name = "UIColor+.swift"; path = "../../../../Downloads/teacher/3 - Advanced Data Display/5 - Advanced Layout/resources/AppStoreLayout/AppStoreLayout/UIColor+.swift"; sourceTree = "<group>"; };
		7214F9F22D05F39400C1A5AA /* CategoryCollectionViewCell.swift */ = {isa = PBXFileReference; fileEncoding = 4; lastKnownFileType = sourcecode.swift; path = CategoryCollectionViewCell.swift; sourceTree = "<group>"; };
		7214F9F32D05F39400C1A5AA /* PromotedAppCollectionViewCell.swift */ = {isa = PBXFileReference; fileEncoding = 4; lastKnownFileType = sourcecode.swift; path = PromotedAppCollectionViewCell.swift; sourceTree = "<group>"; };
		7214F9F42D05F39400C1A5AA /* StandardAppCollectionViewCell.swift */ = {isa = PBXFileReference; fileEncoding = 4; lastKnownFileType = sourcecode.swift; path = StandardAppCollectionViewCell.swift; sourceTree = "<group>"; };
		7214FA002D05F3A000C1A5AA /* LineView.swift */ = {isa = PBXFileReference; fileEncoding = 4; lastKnownFileType = sourcecode.swift; path = LineView.swift; sourceTree = "<group>"; };
		7214FA012D05F3A000C1A5AA /* SectionHeaderView.swift */ = {isa = PBXFileReference; fileEncoding = 4; lastKnownFileType = sourcecode.swift; path = SectionHeaderView.swift; sourceTree = "<group>"; };
		7214FA062D05F3AD00C1A5AA /* Item.swift */ = {isa = PBXFileReference; lastKnownFileType = sourcecode.swift; path = Item.swift; sourceTree = "<group>"; };
		7214FA072D05F3AD00C1A5AA /* StoreCategory.swift */ = {isa = PBXFileReference; lastKnownFileType = sourcecode.swift; path = StoreCategory.swift; sourceTree = "<group>"; };
		7214FA082D05F3AD00C1A5AA /* App.swift */ = {isa = PBXFileReference; lastKnownFileType = sourcecode.swift; path = App.swift; sourceTree = "<group>"; };
		C3C5434B2CF879A6003007CF /* Mohammed.storyboard */ = {isa = PBXFileReference; lastKnownFileType = file.storyboard; path = Mohammed.storyboard; sourceTree = "<group>"; };
/* End PBXFileReference section */

/* Begin PBXFrameworksBuildPhase section */
		579686682CF47BE000495313 /* Frameworks */ = {
			isa = PBXFrameworksBuildPhase;
			buildActionMask = 2147483647;
			files = (
			);
			runOnlyForDeploymentPostprocessing = 0;
		};
		5796867E2CF47BE300495313 /* Frameworks */ = {
			isa = PBXFrameworksBuildPhase;
			buildActionMask = 2147483647;
			files = (
			);
			runOnlyForDeploymentPostprocessing = 0;
		};
		579686882CF47BE300495313 /* Frameworks */ = {
			isa = PBXFrameworksBuildPhase;
			buildActionMask = 2147483647;
			files = (
			);
			runOnlyForDeploymentPostprocessing = 0;
		};
/* End PBXFrameworksBuildPhase section */

/* Begin PBXGroup section */
		579686622CF47BE000495313 = {
			isa = PBXGroup;
			children = (
				5796866D2CF47BE000495313 /* LocalEventOrg */,
				579686842CF47BE300495313 /* LocalEventOrgTests */,
				5796868E2CF47BE300495313 /* LocalEventOrgUITests */,
				5796866C2CF47BE000495313 /* Products */,
			);
			sourceTree = "<group>";
		};
		5796866C2CF47BE000495313 /* Products */ = {
			isa = PBXGroup;
			children = (
				5796866B2CF47BE000495313 /* LocalEventOrg.app */,
				579686812CF47BE300495313 /* LocalEventOrgTests.xctest */,
				5796868B2CF47BE300495313 /* LocalEventOrgUITests.xctest */,
			);
			name = Products;
			sourceTree = "<group>";
		};
		5796866D2CF47BE000495313 /* LocalEventOrg */ = {
			isa = PBXGroup;
			children = (
				7214FA052D05F3AD00C1A5AA /* Models */,
				7214FA022D05F3A000C1A5AA /* Supplementary Views */,
				7214F9F52D05F39400C1A5AA /* Cells */,
				7214F9F02D05F37900C1A5AA /* UIColor+.swift */,
				5796866E2CF47BE000495313 /* AppDelegate.swift */,
				579686702CF47BE000495313 /* SceneDelegate.swift */,
				579686722CF47BE000495313 /* ViewController.swift */,
				579686742CF47BE000495313 /* Main.storyboard */,
				579686772CF47BE200495313 /* Assets.xcassets */,
				579686792CF47BE200495313 /* LaunchScreen.storyboard */,
				3F67A2F92CF875E700A7F8D6 /* Alhasan - Account.storyboard */,
				3F67A2FB2CF879CE00A7F8D6 /* LogInTableViewController.swift */,
				5796867C2CF47BE200495313 /* Info.plist */,
				C3C5434B2CF879A6003007CF /* Mohammed.storyboard */,
				57D339772D01A57D00429D94 /* Abdulla - Home.storyboard */,
				7214F9EE2D05F2D000C1A5AA /* HomeViewController.swift */,
			);
			path = LocalEventOrg;
			sourceTree = "<group>";
		};
		579686842CF47BE300495313 /* LocalEventOrgTests */ = {
			isa = PBXGroup;
			children = (
				579686852CF47BE300495313 /* LocalEventOrgTests.swift */,
			);
			path = LocalEventOrgTests;
			sourceTree = "<group>";
		};
		5796868E2CF47BE300495313 /* LocalEventOrgUITests */ = {
			isa = PBXGroup;
			children = (
				5796868F2CF47BE300495313 /* LocalEventOrgUITests.swift */,
				579686912CF47BE300495313 /* LocalEventOrgUITestsLaunchTests.swift */,
			);
			path = LocalEventOrgUITests;
			sourceTree = "<group>";
		};
		7214F9F52D05F39400C1A5AA /* Cells */ = {
			isa = PBXGroup;
			children = (
				7214F9F22D05F39400C1A5AA /* CategoryCollectionViewCell.swift */,
				7214F9F32D05F39400C1A5AA /* PromotedAppCollectionViewCell.swift */,
				7214F9F42D05F39400C1A5AA /* StandardAppCollectionViewCell.swift */,
			);
			name = Cells;
			path = "../../../../Downloads/teacher/3 - Advanced Data Display/5 - Advanced Layout/resources/AppStoreLayout/AppStoreLayout/Cells";
			sourceTree = "<group>";
		};
		7214FA022D05F3A000C1A5AA /* Supplementary Views */ = {
			isa = PBXGroup;
			children = (
				7214FA002D05F3A000C1A5AA /* LineView.swift */,
				7214FA012D05F3A000C1A5AA /* SectionHeaderView.swift */,
			);
			name = "Supplementary Views";
			path = "../../../../Downloads/teacher/3 - Advanced Data Display/5 - Advanced Layout/resources/AppStoreLayout/AppStoreLayout/Supplementary Views";
			sourceTree = "<group>";
		};
		7214FA052D05F3AD00C1A5AA /* Models */ = {
			isa = PBXGroup;
			children = (
				7214FA082D05F3AD00C1A5AA /* App.swift */,
				7214FA062D05F3AD00C1A5AA /* Item.swift */,
				7214FA072D05F3AD00C1A5AA /* StoreCategory.swift */,
			);
			path = Models;
			sourceTree = "<group>";
		};
/* End PBXGroup section */

/* Begin PBXNativeTarget section */
		5796866A2CF47BE000495313 /* LocalEventOrg */ = {
			isa = PBXNativeTarget;
			buildConfigurationList = 579686952CF47BE300495313 /* Build configuration list for PBXNativeTarget "LocalEventOrg" */;
			buildPhases = (
				579686672CF47BE000495313 /* Sources */,
				579686682CF47BE000495313 /* Frameworks */,
				579686692CF47BE000495313 /* Resources */,
			);
			buildRules = (
			);
			dependencies = (
			);
			name = LocalEventOrg;
			productName = LocalEventOrg;
			productReference = 5796866B2CF47BE000495313 /* LocalEventOrg.app */;
			productType = "com.apple.product-type.application";
		};
		579686802CF47BE300495313 /* LocalEventOrgTests */ = {
			isa = PBXNativeTarget;
			buildConfigurationList = 579686982CF47BE300495313 /* Build configuration list for PBXNativeTarget "LocalEventOrgTests" */;
			buildPhases = (
				5796867D2CF47BE300495313 /* Sources */,
				5796867E2CF47BE300495313 /* Frameworks */,
				5796867F2CF47BE300495313 /* Resources */,
			);
			buildRules = (
			);
			dependencies = (
				579686832CF47BE300495313 /* PBXTargetDependency */,
			);
			name = LocalEventOrgTests;
			productName = LocalEventOrgTests;
			productReference = 579686812CF47BE300495313 /* LocalEventOrgTests.xctest */;
			productType = "com.apple.product-type.bundle.unit-test";
		};
		5796868A2CF47BE300495313 /* LocalEventOrgUITests */ = {
			isa = PBXNativeTarget;
			buildConfigurationList = 5796869B2CF47BE300495313 /* Build configuration list for PBXNativeTarget "LocalEventOrgUITests" */;
			buildPhases = (
				579686872CF47BE300495313 /* Sources */,
				579686882CF47BE300495313 /* Frameworks */,
				579686892CF47BE300495313 /* Resources */,
			);
			buildRules = (
			);
			dependencies = (
				5796868D2CF47BE300495313 /* PBXTargetDependency */,
			);
			name = LocalEventOrgUITests;
			productName = LocalEventOrgUITests;
			productReference = 5796868B2CF47BE300495313 /* LocalEventOrgUITests.xctest */;
			productType = "com.apple.product-type.bundle.ui-testing";
		};
/* End PBXNativeTarget section */

/* Begin PBXProject section */
		579686632CF47BE000495313 /* Project object */ = {
			isa = PBXProject;
			attributes = {
				BuildIndependentTargetsInParallel = 1;
				LastSwiftUpdateCheck = 1520;
				LastUpgradeCheck = 1520;
				TargetAttributes = {
					5796866A2CF47BE000495313 = {
						CreatedOnToolsVersion = 15.2;
					};
					579686802CF47BE300495313 = {
						CreatedOnToolsVersion = 15.2;
						TestTargetID = 5796866A2CF47BE000495313;
					};
					5796868A2CF47BE300495313 = {
						CreatedOnToolsVersion = 15.2;
						TestTargetID = 5796866A2CF47BE000495313;
					};
				};
			};
			buildConfigurationList = 579686662CF47BE000495313 /* Build configuration list for PBXProject "LocalEventOrg" */;
			compatibilityVersion = "Xcode 14.0";
			developmentRegion = en;
			hasScannedForEncodings = 0;
			knownRegions = (
				en,
				Base,
			);
			mainGroup = 579686622CF47BE000495313;
			productRefGroup = 5796866C2CF47BE000495313 /* Products */;
			projectDirPath = "";
			projectRoot = "";
			targets = (
				5796866A2CF47BE000495313 /* LocalEventOrg */,
				579686802CF47BE300495313 /* LocalEventOrgTests */,
				5796868A2CF47BE300495313 /* LocalEventOrgUITests */,
			);
		};
/* End PBXProject section */

/* Begin PBXResourcesBuildPhase section */
		579686692CF47BE000495313 /* Resources */ = {
			isa = PBXResourcesBuildPhase;
			buildActionMask = 2147483647;
			files = (
				C3C5434C2CF879A6003007CF /* Mohammed.storyboard in Resources */,
				5796867B2CF47BE200495313 /* LaunchScreen.storyboard in Resources */,
				3F67A2FA2CF875E700A7F8D6 /* Alhasan - Account.storyboard in Resources */,
				579686782CF47BE200495313 /* Assets.xcassets in Resources */,
				579686762CF47BE000495313 /* Main.storyboard in Resources */,
				57D339782D01A57D00429D94 /* Abdulla - Home.storyboard in Resources */,
			);
			runOnlyForDeploymentPostprocessing = 0;
		};
		5796867F2CF47BE300495313 /* Resources */ = {
			isa = PBXResourcesBuildPhase;
			buildActionMask = 2147483647;
			files = (
			);
			runOnlyForDeploymentPostprocessing = 0;
		};
		579686892CF47BE300495313 /* Resources */ = {
			isa = PBXResourcesBuildPhase;
			buildActionMask = 2147483647;
			files = (
			);
			runOnlyForDeploymentPostprocessing = 0;
		};
/* End PBXResourcesBuildPhase section */

/* Begin PBXSourcesBuildPhase section */
		579686672CF47BE000495313 /* Sources */ = {
			isa = PBXSourcesBuildPhase;
			buildActionMask = 2147483647;
			files = (
				7214F9F72D05F39400C1A5AA /* PromotedAppCollectionViewCell.swift in Sources */,
				7214F9EF2D05F2D000C1A5AA /* HomeViewController.swift in Sources */,
				7214FA0B2D05F3AE00C1A5AA /* StoreCategory.swift in Sources */,
				579686732CF47BE000495313 /* ViewController.swift in Sources */,
				7214FA032D05F3A000C1A5AA /* LineView.swift in Sources */,
				7214FA0A2D05F3AE00C1A5AA /* App.swift in Sources */,
				3F67A2FC2CF879CE00A7F8D6 /* LogInTableViewController.swift in Sources */,
				5796866F2CF47BE000495313 /* AppDelegate.swift in Sources */,
				7214F9F82D05F39400C1A5AA /* StandardAppCollectionViewCell.swift in Sources */,
				579686712CF47BE000495313 /* SceneDelegate.swift in Sources */,
				7214FA092D05F3AE00C1A5AA /* Item.swift in Sources */,
				7214FA042D05F3A000C1A5AA /* SectionHeaderView.swift in Sources */,
				7214F9F62D05F39400C1A5AA /* CategoryCollectionViewCell.swift in Sources */,
				7214F9F12D05F37900C1A5AA /* UIColor+.swift in Sources */,
			);
			runOnlyForDeploymentPostprocessing = 0;
		};
		5796867D2CF47BE300495313 /* Sources */ = {
			isa = PBXSourcesBuildPhase;
			buildActionMask = 2147483647;
			files = (
				579686862CF47BE300495313 /* LocalEventOrgTests.swift in Sources */,
			);
			runOnlyForDeploymentPostprocessing = 0;
		};
		579686872CF47BE300495313 /* Sources */ = {
			isa = PBXSourcesBuildPhase;
			buildActionMask = 2147483647;
			files = (
				579686922CF47BE300495313 /* LocalEventOrgUITestsLaunchTests.swift in Sources */,
				579686902CF47BE300495313 /* LocalEventOrgUITests.swift in Sources */,
			);
			runOnlyForDeploymentPostprocessing = 0;
		};
/* End PBXSourcesBuildPhase section */

/* Begin PBXTargetDependency section */
		579686832CF47BE300495313 /* PBXTargetDependency */ = {
			isa = PBXTargetDependency;
			target = 5796866A2CF47BE000495313 /* LocalEventOrg */;
			targetProxy = 579686822CF47BE300495313 /* PBXContainerItemProxy */;
		};
		5796868D2CF47BE300495313 /* PBXTargetDependency */ = {
			isa = PBXTargetDependency;
			target = 5796866A2CF47BE000495313 /* LocalEventOrg */;
			targetProxy = 5796868C2CF47BE300495313 /* PBXContainerItemProxy */;
		};
/* End PBXTargetDependency section */

/* Begin PBXVariantGroup section */
		579686742CF47BE000495313 /* Main.storyboard */ = {
			isa = PBXVariantGroup;
			children = (
				579686752CF47BE000495313 /* Base */,
			);
			name = Main.storyboard;
			sourceTree = "<group>";
		};
		579686792CF47BE200495313 /* LaunchScreen.storyboard */ = {
			isa = PBXVariantGroup;
			children = (
				5796867A2CF47BE200495313 /* Base */,
			);
			name = LaunchScreen.storyboard;
			sourceTree = "<group>";
		};
/* End PBXVariantGroup section */

/* Begin XCBuildConfiguration section */
		579686932CF47BE300495313 /* Debug */ = {
			isa = XCBuildConfiguration;
			buildSettings = {
				ALWAYS_SEARCH_USER_PATHS = NO;
				ASSETCATALOG_COMPILER_GENERATE_SWIFT_ASSET_SYMBOL_EXTENSIONS = YES;
				CLANG_ANALYZER_NONNULL = YES;
				CLANG_ANALYZER_NUMBER_OBJECT_CONVERSION = YES_AGGRESSIVE;
				CLANG_CXX_LANGUAGE_STANDARD = "gnu++20";
				CLANG_ENABLE_MODULES = YES;
				CLANG_ENABLE_OBJC_ARC = YES;
				CLANG_ENABLE_OBJC_WEAK = YES;
				CLANG_WARN_BLOCK_CAPTURE_AUTORELEASING = YES;
				CLANG_WARN_BOOL_CONVERSION = YES;
				CLANG_WARN_COMMA = YES;
				CLANG_WARN_CONSTANT_CONVERSION = YES;
				CLANG_WARN_DEPRECATED_OBJC_IMPLEMENTATIONS = YES;
				CLANG_WARN_DIRECT_OBJC_ISA_USAGE = YES_ERROR;
				CLANG_WARN_DOCUMENTATION_COMMENTS = YES;
				CLANG_WARN_EMPTY_BODY = YES;
				CLANG_WARN_ENUM_CONVERSION = YES;
				CLANG_WARN_INFINITE_RECURSION = YES;
				CLANG_WARN_INT_CONVERSION = YES;
				CLANG_WARN_NON_LITERAL_NULL_CONVERSION = YES;
				CLANG_WARN_OBJC_IMPLICIT_RETAIN_SELF = YES;
				CLANG_WARN_OBJC_LITERAL_CONVERSION = YES;
				CLANG_WARN_OBJC_ROOT_CLASS = YES_ERROR;
				CLANG_WARN_QUOTED_INCLUDE_IN_FRAMEWORK_HEADER = YES;
				CLANG_WARN_RANGE_LOOP_ANALYSIS = YES;
				CLANG_WARN_STRICT_PROTOTYPES = YES;
				CLANG_WARN_SUSPICIOUS_MOVE = YES;
				CLANG_WARN_UNGUARDED_AVAILABILITY = YES_AGGRESSIVE;
				CLANG_WARN_UNREACHABLE_CODE = YES;
				CLANG_WARN__DUPLICATE_METHOD_MATCH = YES;
				COPY_PHASE_STRIP = NO;
				DEBUG_INFORMATION_FORMAT = dwarf;
				ENABLE_STRICT_OBJC_MSGSEND = YES;
				ENABLE_TESTABILITY = YES;
				ENABLE_USER_SCRIPT_SANDBOXING = YES;
				GCC_C_LANGUAGE_STANDARD = gnu17;
				GCC_DYNAMIC_NO_PIC = NO;
				GCC_NO_COMMON_BLOCKS = YES;
				GCC_OPTIMIZATION_LEVEL = 0;
				GCC_PREPROCESSOR_DEFINITIONS = (
					"DEBUG=1",
					"$(inherited)",
				);
				GCC_WARN_64_TO_32_BIT_CONVERSION = YES;
				GCC_WARN_ABOUT_RETURN_TYPE = YES_ERROR;
				GCC_WARN_UNDECLARED_SELECTOR = YES;
				GCC_WARN_UNINITIALIZED_AUTOS = YES_AGGRESSIVE;
				GCC_WARN_UNUSED_FUNCTION = YES;
				GCC_WARN_UNUSED_VARIABLE = YES;
				IPHONEOS_DEPLOYMENT_TARGET = 17.2;
				LOCALIZATION_PREFERS_STRING_CATALOGS = YES;
				MTL_ENABLE_DEBUG_INFO = INCLUDE_SOURCE;
				MTL_FAST_MATH = YES;
				ONLY_ACTIVE_ARCH = YES;
				SDKROOT = iphoneos;
				SWIFT_ACTIVE_COMPILATION_CONDITIONS = "DEBUG $(inherited)";
				SWIFT_OPTIMIZATION_LEVEL = "-Onone";
			};
			name = Debug;
		};
		579686942CF47BE300495313 /* Release */ = {
			isa = XCBuildConfiguration;
			buildSettings = {
				ALWAYS_SEARCH_USER_PATHS = NO;
				ASSETCATALOG_COMPILER_GENERATE_SWIFT_ASSET_SYMBOL_EXTENSIONS = YES;
				CLANG_ANALYZER_NONNULL = YES;
				CLANG_ANALYZER_NUMBER_OBJECT_CONVERSION = YES_AGGRESSIVE;
				CLANG_CXX_LANGUAGE_STANDARD = "gnu++20";
				CLANG_ENABLE_MODULES = YES;
				CLANG_ENABLE_OBJC_ARC = YES;
				CLANG_ENABLE_OBJC_WEAK = YES;
				CLANG_WARN_BLOCK_CAPTURE_AUTORELEASING = YES;
				CLANG_WARN_BOOL_CONVERSION = YES;
				CLANG_WARN_COMMA = YES;
				CLANG_WARN_CONSTANT_CONVERSION = YES;
				CLANG_WARN_DEPRECATED_OBJC_IMPLEMENTATIONS = YES;
				CLANG_WARN_DIRECT_OBJC_ISA_USAGE = YES_ERROR;
				CLANG_WARN_DOCUMENTATION_COMMENTS = YES;
				CLANG_WARN_EMPTY_BODY = YES;
				CLANG_WARN_ENUM_CONVERSION = YES;
				CLANG_WARN_INFINITE_RECURSION = YES;
				CLANG_WARN_INT_CONVERSION = YES;
				CLANG_WARN_NON_LITERAL_NULL_CONVERSION = YES;
				CLANG_WARN_OBJC_IMPLICIT_RETAIN_SELF = YES;
				CLANG_WARN_OBJC_LITERAL_CONVERSION = YES;
				CLANG_WARN_OBJC_ROOT_CLASS = YES_ERROR;
				CLANG_WARN_QUOTED_INCLUDE_IN_FRAMEWORK_HEADER = YES;
				CLANG_WARN_RANGE_LOOP_ANALYSIS = YES;
				CLANG_WARN_STRICT_PROTOTYPES = YES;
				CLANG_WARN_SUSPICIOUS_MOVE = YES;
				CLANG_WARN_UNGUARDED_AVAILABILITY = YES_AGGRESSIVE;
				CLANG_WARN_UNREACHABLE_CODE = YES;
				CLANG_WARN__DUPLICATE_METHOD_MATCH = YES;
				COPY_PHASE_STRIP = NO;
				DEBUG_INFORMATION_FORMAT = "dwarf-with-dsym";
				ENABLE_NS_ASSERTIONS = NO;
				ENABLE_STRICT_OBJC_MSGSEND = YES;
				ENABLE_USER_SCRIPT_SANDBOXING = YES;
				GCC_C_LANGUAGE_STANDARD = gnu17;
				GCC_NO_COMMON_BLOCKS = YES;
				GCC_WARN_64_TO_32_BIT_CONVERSION = YES;
				GCC_WARN_ABOUT_RETURN_TYPE = YES_ERROR;
				GCC_WARN_UNDECLARED_SELECTOR = YES;
				GCC_WARN_UNINITIALIZED_AUTOS = YES_AGGRESSIVE;
				GCC_WARN_UNUSED_FUNCTION = YES;
				GCC_WARN_UNUSED_VARIABLE = YES;
				IPHONEOS_DEPLOYMENT_TARGET = 17.2;
				LOCALIZATION_PREFERS_STRING_CATALOGS = YES;
				MTL_ENABLE_DEBUG_INFO = NO;
				MTL_FAST_MATH = YES;
				SDKROOT = iphoneos;
				SWIFT_COMPILATION_MODE = wholemodule;
				VALIDATE_PRODUCT = YES;
			};
			name = Release;
		};
		579686962CF47BE300495313 /* Debug */ = {
			isa = XCBuildConfiguration;
			buildSettings = {
				ASSETCATALOG_COMPILER_APPICON_NAME = AppIcon;
				ASSETCATALOG_COMPILER_GLOBAL_ACCENT_COLOR_NAME = AccentColor;
				CODE_SIGN_STYLE = Automatic;
				CURRENT_PROJECT_VERSION = 1;
				GENERATE_INFOPLIST_FILE = YES;
				INFOPLIST_FILE = LocalEventOrg/Info.plist;
				INFOPLIST_KEY_UIApplicationSupportsIndirectInputEvents = YES;
				INFOPLIST_KEY_UILaunchStoryboardName = LaunchScreen;
				INFOPLIST_KEY_UIMainStoryboardFile = Main;
				INFOPLIST_KEY_UISupportedInterfaceOrientations_iPad = "UIInterfaceOrientationPortrait UIInterfaceOrientationPortraitUpsideDown UIInterfaceOrientationLandscapeLeft UIInterfaceOrientationLandscapeRight";
				INFOPLIST_KEY_UISupportedInterfaceOrientations_iPhone = "UIInterfaceOrientationPortrait UIInterfaceOrientationLandscapeLeft UIInterfaceOrientationLandscapeRight";
				LD_RUNPATH_SEARCH_PATHS = (
					"$(inherited)",
					"@executable_path/Frameworks",
				);
				MARKETING_VERSION = 1.0;
				PRODUCT_BUNDLE_IDENTIFIER = bp.polytechnic.LocalEventOrg;
				PRODUCT_NAME = "$(TARGET_NAME)";
				SWIFT_EMIT_LOC_STRINGS = YES;
				SWIFT_VERSION = 5.0;
				TARGETED_DEVICE_FAMILY = "1,2";
			};
			name = Debug;
		};
		579686972CF47BE300495313 /* Release */ = {
			isa = XCBuildConfiguration;
			buildSettings = {
				ASSETCATALOG_COMPILER_APPICON_NAME = AppIcon;
				ASSETCATALOG_COMPILER_GLOBAL_ACCENT_COLOR_NAME = AccentColor;
				CODE_SIGN_STYLE = Automatic;
				CURRENT_PROJECT_VERSION = 1;
				GENERATE_INFOPLIST_FILE = YES;
				INFOPLIST_FILE = LocalEventOrg/Info.plist;
				INFOPLIST_KEY_UIApplicationSupportsIndirectInputEvents = YES;
				INFOPLIST_KEY_UILaunchStoryboardName = LaunchScreen;
				INFOPLIST_KEY_UIMainStoryboardFile = Main;
				INFOPLIST_KEY_UISupportedInterfaceOrientations_iPad = "UIInterfaceOrientationPortrait UIInterfaceOrientationPortraitUpsideDown UIInterfaceOrientationLandscapeLeft UIInterfaceOrientationLandscapeRight";
				INFOPLIST_KEY_UISupportedInterfaceOrientations_iPhone = "UIInterfaceOrientationPortrait UIInterfaceOrientationLandscapeLeft UIInterfaceOrientationLandscapeRight";
				LD_RUNPATH_SEARCH_PATHS = (
					"$(inherited)",
					"@executable_path/Frameworks",
				);
				MARKETING_VERSION = 1.0;
				PRODUCT_BUNDLE_IDENTIFIER = bp.polytechnic.LocalEventOrg;
				PRODUCT_NAME = "$(TARGET_NAME)";
				SWIFT_EMIT_LOC_STRINGS = YES;
				SWIFT_VERSION = 5.0;
				TARGETED_DEVICE_FAMILY = "1,2";
			};
			name = Release;
		};
		579686992CF47BE300495313 /* Debug */ = {
			isa = XCBuildConfiguration;
			buildSettings = {
				ALWAYS_EMBED_SWIFT_STANDARD_LIBRARIES = YES;
				BUNDLE_LOADER = "$(TEST_HOST)";
				CODE_SIGN_STYLE = Automatic;
				CURRENT_PROJECT_VERSION = 1;
				GENERATE_INFOPLIST_FILE = YES;
				IPHONEOS_DEPLOYMENT_TARGET = 17.2;
				MARKETING_VERSION = 1.0;
				PRODUCT_BUNDLE_IDENTIFIER = bp.polytechnic.LocalEventOrgTests;
				PRODUCT_NAME = "$(TARGET_NAME)";
				SWIFT_EMIT_LOC_STRINGS = NO;
				SWIFT_VERSION = 5.0;
				TARGETED_DEVICE_FAMILY = "1,2";
				TEST_HOST = "$(BUILT_PRODUCTS_DIR)/LocalEventOrg.app/$(BUNDLE_EXECUTABLE_FOLDER_PATH)/LocalEventOrg";
			};
			name = Debug;
		};
		5796869A2CF47BE300495313 /* Release */ = {
			isa = XCBuildConfiguration;
			buildSettings = {
				ALWAYS_EMBED_SWIFT_STANDARD_LIBRARIES = YES;
				BUNDLE_LOADER = "$(TEST_HOST)";
				CODE_SIGN_STYLE = Automatic;
				CURRENT_PROJECT_VERSION = 1;
				GENERATE_INFOPLIST_FILE = YES;
				IPHONEOS_DEPLOYMENT_TARGET = 17.2;
				MARKETING_VERSION = 1.0;
				PRODUCT_BUNDLE_IDENTIFIER = bp.polytechnic.LocalEventOrgTests;
				PRODUCT_NAME = "$(TARGET_NAME)";
				SWIFT_EMIT_LOC_STRINGS = NO;
				SWIFT_VERSION = 5.0;
				TARGETED_DEVICE_FAMILY = "1,2";
				TEST_HOST = "$(BUILT_PRODUCTS_DIR)/LocalEventOrg.app/$(BUNDLE_EXECUTABLE_FOLDER_PATH)/LocalEventOrg";
			};
			name = Release;
		};
		5796869C2CF47BE300495313 /* Debug */ = {
			isa = XCBuildConfiguration;
			buildSettings = {
				ALWAYS_EMBED_SWIFT_STANDARD_LIBRARIES = YES;
				CODE_SIGN_STYLE = Automatic;
				CURRENT_PROJECT_VERSION = 1;
				GENERATE_INFOPLIST_FILE = YES;
				MARKETING_VERSION = 1.0;
				PRODUCT_BUNDLE_IDENTIFIER = bp.polytechnic.LocalEventOrgUITests;
				PRODUCT_NAME = "$(TARGET_NAME)";
				SWIFT_EMIT_LOC_STRINGS = NO;
				SWIFT_VERSION = 5.0;
				TARGETED_DEVICE_FAMILY = "1,2";
				TEST_TARGET_NAME = LocalEventOrg;
			};
			name = Debug;
		};
		5796869D2CF47BE300495313 /* Release */ = {
			isa = XCBuildConfiguration;
			buildSettings = {
				ALWAYS_EMBED_SWIFT_STANDARD_LIBRARIES = YES;
				CODE_SIGN_STYLE = Automatic;
				CURRENT_PROJECT_VERSION = 1;
				GENERATE_INFOPLIST_FILE = YES;
				MARKETING_VERSION = 1.0;
				PRODUCT_BUNDLE_IDENTIFIER = bp.polytechnic.LocalEventOrgUITests;
				PRODUCT_NAME = "$(TARGET_NAME)";
				SWIFT_EMIT_LOC_STRINGS = NO;
				SWIFT_VERSION = 5.0;
				TARGETED_DEVICE_FAMILY = "1,2";
				TEST_TARGET_NAME = LocalEventOrg;
			};
			name = Release;
		};
/* End XCBuildConfiguration section */

/* Begin XCConfigurationList section */
		579686662CF47BE000495313 /* Build configuration list for PBXProject "LocalEventOrg" */ = {
			isa = XCConfigurationList;
			buildConfigurations = (
				579686932CF47BE300495313 /* Debug */,
				579686942CF47BE300495313 /* Release */,
			);
			defaultConfigurationIsVisible = 0;
			defaultConfigurationName = Release;
		};
		579686952CF47BE300495313 /* Build configuration list for PBXNativeTarget "LocalEventOrg" */ = {
			isa = XCConfigurationList;
			buildConfigurations = (
				579686962CF47BE300495313 /* Debug */,
				579686972CF47BE300495313 /* Release */,
			);
			defaultConfigurationIsVisible = 0;
			defaultConfigurationName = Release;
		};
		579686982CF47BE300495313 /* Build configuration list for PBXNativeTarget "LocalEventOrgTests" */ = {
			isa = XCConfigurationList;
			buildConfigurations = (
				579686992CF47BE300495313 /* Debug */,
				5796869A2CF47BE300495313 /* Release */,
			);
			defaultConfigurationIsVisible = 0;
			defaultConfigurationName = Release;
		};
		5796869B2CF47BE300495313 /* Build configuration list for PBXNativeTarget "LocalEventOrgUITests" */ = {
			isa = XCConfigurationList;
			buildConfigurations = (
				5796869C2CF47BE300495313 /* Debug */,
				5796869D2CF47BE300495313 /* Release */,
			);
			defaultConfigurationIsVisible = 0;
			defaultConfigurationName = Release;
		};
/* End XCConfigurationList section */
	};
	rootObject = 579686632CF47BE000495313 /* Project object */;
}
