// !$*UTF8*$!
{
	archiveVersion = 1;
	classes = {
	};
	objectVersion = 60;
	objects = {

/* Begin PBXBuildFile section */
		5796866F2CF47BE000495313 /* AppDelegate.swift in Sources */ = {isa = PBXBuildFile; fileRef = 5796866E2CF47BE000495313 /* AppDelegate.swift */; };
		579686712CF47BE000495313 /* SceneDelegate.swift in Sources */ = {isa = PBXBuildFile; fileRef = 579686702CF47BE000495313 /* SceneDelegate.swift */; };
		579686732CF47BE000495313 /* ViewController.swift in Sources */ = {isa = PBXBuildFile; fileRef = 579686722CF47BE000495313 /* ViewController.swift */; };
		579686762CF47BE000495313 /* Main.storyboard in Resources */ = {isa = PBXBuildFile; fileRef = 579686742CF47BE000495313 /* Main.storyboard */; };
		579686782CF47BE200495313 /* Assets.xcassets in Resources */ = {isa = PBXBuildFile; fileRef = 579686772CF47BE200495313 /* Assets.xcassets */; };
		5796867B2CF47BE200495313 /* LaunchScreen.storyboard in Resources */ = {isa = PBXBuildFile; fileRef = 579686792CF47BE200495313 /* LaunchScreen.storyboard */; };
		579686862CF47BE300495313 /* LocalEventOrgTests.swift in Sources */ = {isa = PBXBuildFile; fileRef = 579686852CF47BE300495313 /* LocalEventOrgTests.swift */; };
		579686902CF47BE300495313 /* LocalEventOrgUITests.swift in Sources */ = {isa = PBXBuildFile; fileRef = 5796868F2CF47BE300495313 /* LocalEventOrgUITests.swift */; };
		579686922CF47BE300495313 /* LocalEventOrgUITestsLaunchTests.swift in Sources */ = {isa = PBXBuildFile; fileRef = 579686912CF47BE300495313 /* LocalEventOrgUITestsLaunchTests.swift */; };
		57CDC98A2D06EC3500BD3444 /* UIColor+.swift in Sources */ = {isa = PBXBuildFile; fileRef = 57CDC9892D06EC3500BD3444 /* UIColor+.swift */; };
		57CDC98C2D06ECF400BD3444 /* HomePageStructs.swift in Sources */ = {isa = PBXBuildFile; fileRef = 57CDC98B2D06ECF400BD3444 /* HomePageStructs.swift */; };
		57D339782D01A57D00429D94 /* Abdulla - Home.storyboard in Resources */ = {isa = PBXBuildFile; fileRef = 57D339772D01A57D00429D94 /* Abdulla - Home.storyboard */; };
		7214F9EF2D05F2D000C1A5AA /* HomeViewController.swift in Sources */ = {isa = PBXBuildFile; fileRef = 7214F9EE2D05F2D000C1A5AA /* HomeViewController.swift */; };
		7214FA092D05F3AE00C1A5AA /* Item.swift in Sources */ = {isa = PBXBuildFile; fileRef = 7214FA062D05F3AD00C1A5AA /* Item.swift */; };
		7214FA0A2D05F3AE00C1A5AA /* App.swift in Sources */ = {isa = PBXBuildFile; fileRef = 7214FA082D05F3AD00C1A5AA /* App.swift */; };
		7214FA0B2D05F3AE00C1A5AA /* StoreCategory.swift in Sources */ = {isa = PBXBuildFile; fileRef = 7214FA072D05F3AD00C1A5AA /* StoreCategory.swift */; };
		72AA37B22D12FFDA00B73B10 /* GoogleService-Info.plist in Resources */ = {isa = PBXBuildFile; fileRef = 72AA37B12D12FFD900B73B10 /* GoogleService-Info.plist */; };
		72AA37B52D13031A00B73B10 /* FirebaseAnalytics in Frameworks */ = {isa = PBXBuildFile; productRef = 72AA37B42D13031A00B73B10 /* FirebaseAnalytics */; };
		72AA37B82D13094F00B73B10 /* FirebaseAuth in Frameworks */ = {isa = PBXBuildFile; productRef = 72AA37B72D13094F00B73B10 /* FirebaseAuth */; };
		7F1E36032D2039F900823A1E /* AdminHomeViewController.swift in Sources */ = {isa = PBXBuildFile; fileRef = 7F1E36022D2039F600823A1E /* AdminHomeViewController.swift */; };
		7F94029A2D1EF1E000D5CE19 /* AdminFeatures.storyboard in Resources */ = {isa = PBXBuildFile; fileRef = 7F9402992D1EF1E000D5CE19 /* AdminFeatures.storyboard */; };
		7FF35F932D1C69E200783714 /* ViewControllerCalendar.swift in Sources */ = {isa = PBXBuildFile; fileRef = 7FF35F922D1C69DA00783714 /* ViewControllerCalendar.swift */; };
		7FF35F952D1C6FAF00783714 /* CalendarHelper.swift in Sources */ = {isa = PBXBuildFile; fileRef = 7FF35F942D1C6FAB00783714 /* CalendarHelper.swift */; };
		7FF35F992D1D186200783714 /* CalendarCell.swift in Sources */ = {isa = PBXBuildFile; fileRef = 7FF35F982D1D184100783714 /* CalendarCell.swift */; };
		7FF35FA72D1D6F9500783714 /* Database.swift in Sources */ = {isa = PBXBuildFile; fileRef = 7FF35FA62D1D6F9500783714 /* Database.swift */; };
		7FF35FA92D1D6FD300783714 /* FirebaseDatabase in Frameworks */ = {isa = PBXBuildFile; productRef = 7FF35FA82D1D6FD300783714 /* FirebaseDatabase */; };
		C31B51D72D0F0E3200DD4B82 /* PromotedAppCollectionViewCell.swift in Sources */ = {isa = PBXBuildFile; fileRef = C31B51D42D0F0E3200DD4B82 /* PromotedAppCollectionViewCell.swift */; };
		C31B51D82D0F0E3200DD4B82 /* CategoryCollectionViewCell.swift in Sources */ = {isa = PBXBuildFile; fileRef = C31B51D52D0F0E3200DD4B82 /* CategoryCollectionViewCell.swift */; };
		C31B51D92D0F0E3200DD4B82 /* StandardAppCollectionViewCell.swift in Sources */ = {isa = PBXBuildFile; fileRef = C31B51D62D0F0E3200DD4B82 /* StandardAppCollectionViewCell.swift */; };
		C31B51DD2D0F0EC200DD4B82 /* LineView.swift in Sources */ = {isa = PBXBuildFile; fileRef = C31B51DB2D0F0EC200DD4B82 /* LineView.swift */; };
		C31B51DE2D0F0EC200DD4B82 /* SectionHeaderView.swift in Sources */ = {isa = PBXBuildFile; fileRef = C31B51DC2D0F0EC200DD4B82 /* SectionHeaderView.swift */; };
		C31B51E32D0F124900DD4B82 /* Badge.swift in Sources */ = {isa = PBXBuildFile; fileRef = C31B51E22D0F124900DD4B82 /* Badge.swift */; };
		C31B51E52D0F125100DD4B82 /* BadgeCollectionViewCell.swift in Sources */ = {isa = PBXBuildFile; fileRef = C31B51E42D0F125100DD4B82 /* BadgeCollectionViewCell.swift */; };
		C31B51E72D0F125E00DD4B82 /* Hussain-Almu.storyboard in Resources */ = {isa = PBXBuildFile; fileRef = C31B51E62D0F125E00DD4B82 /* Hussain-Almu.storyboard */; };
		C31B51E92D0F126B00DD4B82 /* ViewControllerBadge.swift in Sources */ = {isa = PBXBuildFile; fileRef = C31B51E82D0F126B00DD4B82 /* ViewControllerBadge.swift */; };
		C31B51EC2D0F13B200DD4B82 /* Hasan.storyboard in Resources */ = {isa = PBXBuildFile; fileRef = C31B51EB2D0F13B200DD4B82 /* Hasan.storyboard */; };
		C31B51EE2D0F147700DD4B82 /* Alhasan - Login.storyboard in Resources */ = {isa = PBXBuildFile; fileRef = C31B51ED2D0F147700DD4B82 /* Alhasan - Login.storyboard */; };
		C31B51F02D0F148300DD4B82 /* Gradient.swift in Sources */ = {isa = PBXBuildFile; fileRef = C31B51EF2D0F148300DD4B82 /* Gradient.swift */; };
		C31B51F22D0F148900DD4B82 /* LogInTableViewController.swift in Sources */ = {isa = PBXBuildFile; fileRef = C31B51F12D0F148900DD4B82 /* LogInTableViewController.swift */; };
		C31B51F52D0F14D400DD4B82 /* Mohammed.storyboard in Resources */ = {isa = PBXBuildFile; fileRef = C31B51F42D0F14D400DD4B82 /* Mohammed.storyboard */; };
/* End PBXBuildFile section */

/* Begin PBXContainerItemProxy section */
		579686822CF47BE300495313 /* PBXContainerItemProxy */ = {
			isa = PBXContainerItemProxy;
			containerPortal = 579686632CF47BE000495313 /* Project object */;
			proxyType = 1;
			remoteGlobalIDString = 5796866A2CF47BE000495313;
			remoteInfo = LocalEventOrg;
		};
		5796868C2CF47BE300495313 /* PBXContainerItemProxy */ = {
			isa = PBXContainerItemProxy;
			containerPortal = 579686632CF47BE000495313 /* Project object */;
			proxyType = 1;
			remoteGlobalIDString = 5796866A2CF47BE000495313;
			remoteInfo = LocalEventOrg;
		};
/* End PBXContainerItemProxy section */

/* Begin PBXFileReference section */
		5796866B2CF47BE000495313 /* LocalEventOrg.app */ = {isa = PBXFileReference; explicitFileType = wrapper.application; includeInIndex = 0; path = LocalEventOrg.app; sourceTree = BUILT_PRODUCTS_DIR; };
		5796866E2CF47BE000495313 /* AppDelegate.swift */ = {isa = PBXFileReference; lastKnownFileType = sourcecode.swift; path = AppDelegate.swift; sourceTree = "<group>"; };
		579686702CF47BE000495313 /* SceneDelegate.swift */ = {isa = PBXFileReference; lastKnownFileType = sourcecode.swift; path = SceneDelegate.swift; sourceTree = "<group>"; };
		579686722CF47BE000495313 /* ViewController.swift */ = {isa = PBXFileReference; lastKnownFileType = sourcecode.swift; path = ViewController.swift; sourceTree = "<group>"; };
		579686752CF47BE000495313 /* Base */ = {isa = PBXFileReference; lastKnownFileType = file.storyboard; name = Base; path = Base.lproj/Main.storyboard; sourceTree = "<group>"; };
		579686772CF47BE200495313 /* Assets.xcassets */ = {isa = PBXFileReference; lastKnownFileType = folder.assetcatalog; path = Assets.xcassets; sourceTree = "<group>"; };
		5796867A2CF47BE200495313 /* Base */ = {isa = PBXFileReference; lastKnownFileType = file.storyboard; name = Base; path = Base.lproj/LaunchScreen.storyboard; sourceTree = "<group>"; };
		5796867C2CF47BE200495313 /* Info.plist */ = {isa = PBXFileReference; lastKnownFileType = text.plist.xml; path = Info.plist; sourceTree = "<group>"; };
		579686812CF47BE300495313 /* LocalEventOrgTests.xctest */ = {isa = PBXFileReference; explicitFileType = wrapper.cfbundle; includeInIndex = 0; path = LocalEventOrgTests.xctest; sourceTree = BUILT_PRODUCTS_DIR; };
		579686852CF47BE300495313 /* LocalEventOrgTests.swift */ = {isa = PBXFileReference; lastKnownFileType = sourcecode.swift; path = LocalEventOrgTests.swift; sourceTree = "<group>"; };
		5796868B2CF47BE300495313 /* LocalEventOrgUITests.xctest */ = {isa = PBXFileReference; explicitFileType = wrapper.cfbundle; includeInIndex = 0; path = LocalEventOrgUITests.xctest; sourceTree = BUILT_PRODUCTS_DIR; };
		5796868F2CF47BE300495313 /* LocalEventOrgUITests.swift */ = {isa = PBXFileReference; lastKnownFileType = sourcecode.swift; path = LocalEventOrgUITests.swift; sourceTree = "<group>"; };
		579686912CF47BE300495313 /* LocalEventOrgUITestsLaunchTests.swift */ = {isa = PBXFileReference; lastKnownFileType = sourcecode.swift; path = LocalEventOrgUITestsLaunchTests.swift; sourceTree = "<group>"; };
		57CDC9892D06EC3500BD3444 /* UIColor+.swift */ = {isa = PBXFileReference; lastKnownFileType = sourcecode.swift; path = "UIColor+.swift"; sourceTree = "<group>"; };
		57CDC98B2D06ECF400BD3444 /* HomePageStructs.swift */ = {isa = PBXFileReference; lastKnownFileType = sourcecode.swift; path = HomePageStructs.swift; sourceTree = "<group>"; };
		57D339772D01A57D00429D94 /* Abdulla - Home.storyboard */ = {isa = PBXFileReference; lastKnownFileType = file.storyboard; path = "Abdulla - Home.storyboard"; sourceTree = "<group>"; };
		7214F9EE2D05F2D000C1A5AA /* HomeViewController.swift */ = {isa = PBXFileReference; lastKnownFileType = sourcecode.swift; path = HomeViewController.swift; sourceTree = "<group>"; };
		7214FA062D05F3AD00C1A5AA /* Item.swift */ = {isa = PBXFileReference; lastKnownFileType = sourcecode.swift; path = Item.swift; sourceTree = "<group>"; };
		7214FA072D05F3AD00C1A5AA /* StoreCategory.swift */ = {isa = PBXFileReference; lastKnownFileType = sourcecode.swift; path = StoreCategory.swift; sourceTree = "<group>"; };
		7214FA082D05F3AD00C1A5AA /* App.swift */ = {isa = PBXFileReference; lastKnownFileType = sourcecode.swift; path = App.swift; sourceTree = "<group>"; };
		72AA37B12D12FFD900B73B10 /* GoogleService-Info.plist */ = {isa = PBXFileReference; fileEncoding = 4; lastKnownFileType = text.plist.xml; path = "GoogleService-Info.plist"; sourceTree = "<group>"; };
		7F1E36022D2039F600823A1E /* AdminHomeViewController.swift */ = {isa = PBXFileReference; lastKnownFileType = sourcecode.swift; path = AdminHomeViewController.swift; sourceTree = "<group>"; };
		7F9402992D1EF1E000D5CE19 /* AdminFeatures.storyboard */ = {isa = PBXFileReference; lastKnownFileType = file.storyboard; path = AdminFeatures.storyboard; sourceTree = "<group>"; };
		7FF35F922D1C69DA00783714 /* ViewControllerCalendar.swift */ = {isa = PBXFileReference; lastKnownFileType = sourcecode.swift; path = ViewControllerCalendar.swift; sourceTree = "<group>"; };
		7FF35F942D1C6FAB00783714 /* CalendarHelper.swift */ = {isa = PBXFileReference; lastKnownFileType = sourcecode.swift; path = CalendarHelper.swift; sourceTree = "<group>"; };
		7FF35F982D1D184100783714 /* CalendarCell.swift */ = {isa = PBXFileReference; lastKnownFileType = sourcecode.swift; path = CalendarCell.swift; sourceTree = "<group>"; };
		7FF35FA62D1D6F9500783714 /* Database.swift */ = {isa = PBXFileReference; lastKnownFileType = sourcecode.swift; path = Database.swift; sourceTree = "<group>"; };
		C31B51D42D0F0E3200DD4B82 /* PromotedAppCollectionViewCell.swift */ = {isa = PBXFileReference; fileEncoding = 4; lastKnownFileType = sourcecode.swift; path = PromotedAppCollectionViewCell.swift; sourceTree = "<group>"; };
		C31B51D52D0F0E3200DD4B82 /* CategoryCollectionViewCell.swift */ = {isa = PBXFileReference; fileEncoding = 4; lastKnownFileType = sourcecode.swift; path = CategoryCollectionViewCell.swift; sourceTree = "<group>"; };
		C31B51D62D0F0E3200DD4B82 /* StandardAppCollectionViewCell.swift */ = {isa = PBXFileReference; fileEncoding = 4; lastKnownFileType = sourcecode.swift; path = StandardAppCollectionViewCell.swift; sourceTree = "<group>"; };
		C31B51DB2D0F0EC200DD4B82 /* LineView.swift */ = {isa = PBXFileReference; fileEncoding = 4; lastKnownFileType = sourcecode.swift; path = LineView.swift; sourceTree = "<group>"; };
		C31B51DC2D0F0EC200DD4B82 /* SectionHeaderView.swift */ = {isa = PBXFileReference; fileEncoding = 4; lastKnownFileType = sourcecode.swift; path = SectionHeaderView.swift; sourceTree = "<group>"; };
		C31B51E22D0F124900DD4B82 /* Badge.swift */ = {isa = PBXFileReference; fileEncoding = 4; lastKnownFileType = sourcecode.swift; path = Badge.swift; sourceTree = "<group>"; };
		C31B51E42D0F125100DD4B82 /* BadgeCollectionViewCell.swift */ = {isa = PBXFileReference; fileEncoding = 4; lastKnownFileType = sourcecode.swift; path = BadgeCollectionViewCell.swift; sourceTree = "<group>"; };
		C31B51E62D0F125E00DD4B82 /* Hussain-Almu.storyboard */ = {isa = PBXFileReference; fileEncoding = 4; lastKnownFileType = file.storyboard; path = "Hussain-Almu.storyboard"; sourceTree = "<group>"; };
		C31B51E82D0F126B00DD4B82 /* ViewControllerBadge.swift */ = {isa = PBXFileReference; fileEncoding = 4; lastKnownFileType = sourcecode.swift; path = ViewControllerBadge.swift; sourceTree = "<group>"; };
		C31B51EB2D0F13B200DD4B82 /* Hasan.storyboard */ = {isa = PBXFileReference; fileEncoding = 4; lastKnownFileType = file.storyboard; path = Hasan.storyboard; sourceTree = "<group>"; };
		C31B51ED2D0F147700DD4B82 /* Alhasan - Login.storyboard */ = {isa = PBXFileReference; fileEncoding = 4; lastKnownFileType = file.storyboard; path = "Alhasan - Login.storyboard"; sourceTree = "<group>"; };
		C31B51EF2D0F148300DD4B82 /* Gradient.swift */ = {isa = PBXFileReference; fileEncoding = 4; lastKnownFileType = sourcecode.swift; path = Gradient.swift; sourceTree = "<group>"; };
		C31B51F12D0F148900DD4B82 /* LogInTableViewController.swift */ = {isa = PBXFileReference; fileEncoding = 4; lastKnownFileType = sourcecode.swift; path = LogInTableViewController.swift; sourceTree = "<group>"; };
		C31B51F42D0F14D400DD4B82 /* Mohammed.storyboard */ = {isa = PBXFileReference; fileEncoding = 4; lastKnownFileType = file.storyboard; path = Mohammed.storyboard; sourceTree = "<group>"; };
/* End PBXFileReference section */

/* Begin PBXFrameworksBuildPhase section */
		579686682CF47BE000495313 /* Frameworks */ = {
			isa = PBXFrameworksBuildPhase;
			buildActionMask = 2147483647;
			files = (
				7FF35FA92D1D6FD300783714 /* FirebaseDatabase in Frameworks */,
				72AA37B52D13031A00B73B10 /* FirebaseAnalytics in Frameworks */,
				72AA37B82D13094F00B73B10 /* FirebaseAuth in Frameworks */,
			);
			runOnlyForDeploymentPostprocessing = 0;
		};
		5796867E2CF47BE300495313 /* Frameworks */ = {
			isa = PBXFrameworksBuildPhase;
			buildActionMask = 2147483647;
			files = (
			);
			runOnlyForDeploymentPostprocessing = 0;
		};
		579686882CF47BE300495313 /* Frameworks */ = {
			isa = PBXFrameworksBuildPhase;
			buildActionMask = 2147483647;
			files = (
			);
			runOnlyForDeploymentPostprocessing = 0;
		};
/* End PBXFrameworksBuildPhase section */

/* Begin PBXGroup section */
		579686622CF47BE000495313 = {
			isa = PBXGroup;
			children = (
				5796866D2CF47BE000495313 /* LocalEventOrg */,
				579686842CF47BE300495313 /* LocalEventOrgTests */,
				5796868E2CF47BE300495313 /* LocalEventOrgUITests */,
				5796866C2CF47BE000495313 /* Products */,
				72AA37B62D13094F00B73B10 /* Frameworks */,
			);
			sourceTree = "<group>";
		};
		5796866C2CF47BE000495313 /* Products */ = {
			isa = PBXGroup;
			children = (
				5796866B2CF47BE000495313 /* LocalEventOrg.app */,
				579686812CF47BE300495313 /* LocalEventOrgTests.xctest */,
				5796868B2CF47BE300495313 /* LocalEventOrgUITests.xctest */,
			);
			name = Products;
			sourceTree = "<group>";
		};
		5796866D2CF47BE000495313 /* LocalEventOrg */ = {
			isa = PBXGroup;
			children = (
				C31B51F32D0F14AA00DD4B82 /* Mohammed */,
				C31B51EA2D0F129700DD4B82 /* Alhasan */,
				C31B51E12D0F123500DD4B82 /* HusainAlmu */,
				C31B51E02D0F122C00DD4B82 /* Hasan */,
				C31B51DF2D0F11BD00DD4B82 /* Abdulla */,
				5796866E2CF47BE000495313 /* AppDelegate.swift */,
				579686702CF47BE000495313 /* SceneDelegate.swift */,
				579686722CF47BE000495313 /* ViewController.swift */,
				579686742CF47BE000495313 /* Main.storyboard */,
				579686772CF47BE200495313 /* Assets.xcassets */,
				579686792CF47BE200495313 /* LaunchScreen.storyboard */,
				5796867C2CF47BE200495313 /* Info.plist */,
				72AA37B12D12FFD900B73B10 /* GoogleService-Info.plist */,
			);
			path = LocalEventOrg;
			sourceTree = "<group>";
		};
		579686842CF47BE300495313 /* LocalEventOrgTests */ = {
			isa = PBXGroup;
			children = (
				579686852CF47BE300495313 /* LocalEventOrgTests.swift */,
			);
			path = LocalEventOrgTests;
			sourceTree = "<group>";
		};
		5796868E2CF47BE300495313 /* LocalEventOrgUITests */ = {
			isa = PBXGroup;
			children = (
				5796868F2CF47BE300495313 /* LocalEventOrgUITests.swift */,
				579686912CF47BE300495313 /* LocalEventOrgUITestsLaunchTests.swift */,
			);
			path = LocalEventOrgUITests;
			sourceTree = "<group>";
		};
		7214FA052D05F3AD00C1A5AA /* Models */ = {
			isa = PBXGroup;
			children = (
				7214FA082D05F3AD00C1A5AA /* App.swift */,
				7214FA062D05F3AD00C1A5AA /* Item.swift */,
				7214FA072D05F3AD00C1A5AA /* StoreCategory.swift */,
			);
			path = Models;
			sourceTree = "<group>";
		};
		72AA37B62D13094F00B73B10 /* Frameworks */ = {
			isa = PBXGroup;
			children = (
			);
			name = Frameworks;
			sourceTree = "<group>";
		};
		C31B51D32D0F0E3200DD4B82 /* Cells */ = {
			isa = PBXGroup;
			children = (
				C31B51D42D0F0E3200DD4B82 /* PromotedAppCollectionViewCell.swift */,
				C31B51D52D0F0E3200DD4B82 /* CategoryCollectionViewCell.swift */,
				C31B51D62D0F0E3200DD4B82 /* StandardAppCollectionViewCell.swift */,
			);
			path = Cells;
			sourceTree = "<group>";
		};
		C31B51DA2D0F0EC200DD4B82 /* Supplementary Views */ = {
			isa = PBXGroup;
			children = (
				C31B51DB2D0F0EC200DD4B82 /* LineView.swift */,
				C31B51DC2D0F0EC200DD4B82 /* SectionHeaderView.swift */,
			);
			path = "Supplementary Views";
			sourceTree = "<group>";
		};
		C31B51DF2D0F11BD00DD4B82 /* Abdulla */ = {
			isa = PBXGroup;
			children = (
				57CDC98B2D06ECF400BD3444 /* HomePageStructs.swift */,
				7214F9EE2D05F2D000C1A5AA /* HomeViewController.swift */,
				57D339772D01A57D00429D94 /* Abdulla - Home.storyboard */,
				57CDC9892D06EC3500BD3444 /* UIColor+.swift */,
				7214FA052D05F3AD00C1A5AA /* Models */,
				C31B51D32D0F0E3200DD4B82 /* Cells */,
				C31B51DA2D0F0EC200DD4B82 /* Supplementary Views */,
			);
			path = Abdulla;
			sourceTree = "<group>";
		};
		C31B51E02D0F122C00DD4B82 /* Hasan */ = {
			isa = PBXGroup;
			children = (
				C31B51EB2D0F13B200DD4B82 /* Hasan.storyboard */,
			);
			path = Hasan;
			sourceTree = "<group>";
		};
		C31B51E12D0F123500DD4B82 /* HusainAlmu */ = {
			isa = PBXGroup;
			children = (
				C31B51E62D0F125E00DD4B82 /* Hussain-Almu.storyboard */,
				C31B51E82D0F126B00DD4B82 /* ViewControllerBadge.swift */,
				C31B51E42D0F125100DD4B82 /* BadgeCollectionViewCell.swift */,
				C31B51E22D0F124900DD4B82 /* Badge.swift */,
			);
			path = HusainAlmu;
			sourceTree = "<group>";
		};
		C31B51EA2D0F129700DD4B82 /* Alhasan */ = {
			isa = PBXGroup;
			children = (
				C31B51ED2D0F147700DD4B82 /* Alhasan - Login.storyboard */,
				C31B51EF2D0F148300DD4B82 /* Gradient.swift */,
				C31B51F12D0F148900DD4B82 /* LogInTableViewController.swift */,
			);
			path = Alhasan;
			sourceTree = "<group>";
		};
		C31B51F32D0F14AA00DD4B82 /* Mohammed */ = {
			isa = PBXGroup;
			children = (
				7F1E36022D2039F600823A1E /* AdminHomeViewController.swift */,
				7F9402992D1EF1E000D5CE19 /* AdminFeatures.storyboard */,
				7FF35F982D1D184100783714 /* CalendarCell.swift */,
				C31B51F42D0F14D400DD4B82 /* Mohammed.storyboard */,
				7FF35F922D1C69DA00783714 /* ViewControllerCalendar.swift */,
				7FF35F942D1C6FAB00783714 /* CalendarHelper.swift */,
				7FF35FA62D1D6F9500783714 /* Database.swift */,
			);
			path = Mohammed;
			sourceTree = "<group>";
		};
/* End PBXGroup section */

/* Begin PBXNativeTarget section */
		5796866A2CF47BE000495313 /* LocalEventOrg */ = {
			isa = PBXNativeTarget;
			buildConfigurationList = 579686952CF47BE300495313 /* Build configuration list for PBXNativeTarget "LocalEventOrg" */;
			buildPhases = (
				579686672CF47BE000495313 /* Sources */,
				579686682CF47BE000495313 /* Frameworks */,
				579686692CF47BE000495313 /* Resources */,
			);
			buildRules = (
			);
			dependencies = (
			);
			name = LocalEventOrg;
			packageProductDependencies = (
				72AA37B42D13031A00B73B10 /* FirebaseAnalytics */,
				72AA37B72D13094F00B73B10 /* FirebaseAuth */,
				7FF35FA82D1D6FD300783714 /* FirebaseDatabase */,
			);
			productName = LocalEventOrg;
			productReference = 5796866B2CF47BE000495313 /* LocalEventOrg.app */;
			productType = "com.apple.product-type.application";
		};
		579686802CF47BE300495313 /* LocalEventOrgTests */ = {
			isa = PBXNativeTarget;
			buildConfigurationList = 579686982CF47BE300495313 /* Build configuration list for PBXNativeTarget "LocalEventOrgTests" */;
			buildPhases = (
				5796867D2CF47BE300495313 /* Sources */,
				5796867E2CF47BE300495313 /* Frameworks */,
				5796867F2CF47BE300495313 /* Resources */,
			);
			buildRules = (
			);
			dependencies = (
				579686832CF47BE300495313 /* PBXTargetDependency */,
			);
			name = LocalEventOrgTests;
			productName = LocalEventOrgTests;
			productReference = 579686812CF47BE300495313 /* LocalEventOrgTests.xctest */;
			productType = "com.apple.product-type.bundle.unit-test";
		};
		5796868A2CF47BE300495313 /* LocalEventOrgUITests */ = {
			isa = PBXNativeTarget;
			buildConfigurationList = 5796869B2CF47BE300495313 /* Build configuration list for PBXNativeTarget "LocalEventOrgUITests" */;
			buildPhases = (
				579686872CF47BE300495313 /* Sources */,
				579686882CF47BE300495313 /* Frameworks */,
				579686892CF47BE300495313 /* Resources */,
			);
			buildRules = (
			);
			dependencies = (
				5796868D2CF47BE300495313 /* PBXTargetDependency */,
			);
			name = LocalEventOrgUITests;
			productName = LocalEventOrgUITests;
			productReference = 5796868B2CF47BE300495313 /* LocalEventOrgUITests.xctest */;
			productType = "com.apple.product-type.bundle.ui-testing";
		};
/* End PBXNativeTarget section */

/* Begin PBXProject section */
		579686632CF47BE000495313 /* Project object */ = {
			isa = PBXProject;
			attributes = {
				BuildIndependentTargetsInParallel = 1;
				LastSwiftUpdateCheck = 1520;
				LastUpgradeCheck = 1520;
				TargetAttributes = {
					5796866A2CF47BE000495313 = {
						CreatedOnToolsVersion = 15.2;
					};
					579686802CF47BE300495313 = {
						CreatedOnToolsVersion = 15.2;
						TestTargetID = 5796866A2CF47BE000495313;
					};
					5796868A2CF47BE300495313 = {
						CreatedOnToolsVersion = 15.2;
						TestTargetID = 5796866A2CF47BE000495313;
					};
				};
			};
			buildConfigurationList = 579686662CF47BE000495313 /* Build configuration list for PBXProject "LocalEventOrg" */;
			compatibilityVersion = "Xcode 15.0";
			developmentRegion = en;
			hasScannedForEncodings = 0;
			knownRegions = (
				en,
				Base,
			);
			mainGroup = 579686622CF47BE000495313;
			packageReferences = (
				72AA37B32D1301ED00B73B10 /* XCRemoteSwiftPackageReference "firebase-ios-sdk" */,
			);
			productRefGroup = 5796866C2CF47BE000495313 /* Products */;
			projectDirPath = "";
			projectRoot = "";
			targets = (
				5796866A2CF47BE000495313 /* LocalEventOrg */,
				579686802CF47BE300495313 /* LocalEventOrgTests */,
				5796868A2CF47BE300495313 /* LocalEventOrgUITests */,
			);
		};
/* End PBXProject section */

/* Begin PBXResourcesBuildPhase section */
		579686692CF47BE000495313 /* Resources */ = {
			isa = PBXResourcesBuildPhase;
			buildActionMask = 2147483647;
			files = (
				C31B51E72D0F125E00DD4B82 /* Hussain-Almu.storyboard in Resources */,
				C31B51EC2D0F13B200DD4B82 /* Hasan.storyboard in Resources */,
				72AA37B22D12FFDA00B73B10 /* GoogleService-Info.plist in Resources */,
				C31B51F52D0F14D400DD4B82 /* Mohammed.storyboard in Resources */,
				5796867B2CF47BE200495313 /* LaunchScreen.storyboard in Resources */,
				579686782CF47BE200495313 /* Assets.xcassets in Resources */,
				579686762CF47BE000495313 /* Main.storyboard in Resources */,
				57D339782D01A57D00429D94 /* Abdulla - Home.storyboard in Resources */,
				7F94029A2D1EF1E000D5CE19 /* AdminFeatures.storyboard in Resources */,
				C31B51EE2D0F147700DD4B82 /* Alhasan - Login.storyboard in Resources */,
			);
			runOnlyForDeploymentPostprocessing = 0;
		};
		5796867F2CF47BE300495313 /* Resources */ = {
			isa = PBXResourcesBuildPhase;
			buildActionMask = 2147483647;
			files = (
			);
			runOnlyForDeploymentPostprocessing = 0;
		};
		579686892CF47BE300495313 /* Resources */ = {
			isa = PBXResourcesBuildPhase;
			buildActionMask = 2147483647;
			files = (
			);
			runOnlyForDeploymentPostprocessing = 0;
		};
/* End PBXResourcesBuildPhase section */

/* Begin PBXSourcesBuildPhase section */
		579686672CF47BE000495313 /* Sources */ = {
			isa = PBXSourcesBuildPhase;
			buildActionMask = 2147483647;
			files = (
				C31B51E92D0F126B00DD4B82 /* ViewControllerBadge.swift in Sources */,
				C31B51F22D0F148900DD4B82 /* LogInTableViewController.swift in Sources */,
				7214F9EF2D05F2D000C1A5AA /* HomeViewController.swift in Sources */,
				7214FA0B2D05F3AE00C1A5AA /* StoreCategory.swift in Sources */,
				579686732CF47BE000495313 /* ViewController.swift in Sources */,
				7214FA0A2D05F3AE00C1A5AA /* App.swift in Sources */,
				C31B51F02D0F148300DD4B82 /* Gradient.swift in Sources */,
				7FF35F952D1C6FAF00783714 /* CalendarHelper.swift in Sources */,
				C31B51D82D0F0E3200DD4B82 /* CategoryCollectionViewCell.swift in Sources */,
				57CDC98C2D06ECF400BD3444 /* HomePageStructs.swift in Sources */,
				C31B51DE2D0F0EC200DD4B82 /* SectionHeaderView.swift in Sources */,
				5796866F2CF47BE000495313 /* AppDelegate.swift in Sources */,
				C31B51E52D0F125100DD4B82 /* BadgeCollectionViewCell.swift in Sources */,
				C31B51E32D0F124900DD4B82 /* Badge.swift in Sources */,
				C31B51D72D0F0E3200DD4B82 /* PromotedAppCollectionViewCell.swift in Sources */,
				579686712CF47BE000495313 /* SceneDelegate.swift in Sources */,
				7214FA092D05F3AE00C1A5AA /* Item.swift in Sources */,
				7FF35F992D1D186200783714 /* CalendarCell.swift in Sources */,
				7F1E36032D2039F900823A1E /* AdminHomeViewController.swift in Sources */,
				7FF35F932D1C69E200783714 /* ViewControllerCalendar.swift in Sources */,
				57CDC98A2D06EC3500BD3444 /* UIColor+.swift in Sources */,
				C31B51DD2D0F0EC200DD4B82 /* LineView.swift in Sources */,
				C31B51D92D0F0E3200DD4B82 /* StandardAppCollectionViewCell.swift in Sources */,
				7FF35FA72D1D6F9500783714 /* Database.swift in Sources */,
			);
			runOnlyForDeploymentPostprocessing = 0;
		};
		5796867D2CF47BE300495313 /* Sources */ = {
			isa = PBXSourcesBuildPhase;
			buildActionMask = 2147483647;
			files = (
				579686862CF47BE300495313 /* LocalEventOrgTests.swift in Sources */,
			);
			runOnlyForDeploymentPostprocessing = 0;
		};
		579686872CF47BE300495313 /* Sources */ = {
			isa = PBXSourcesBuildPhase;
			buildActionMask = 2147483647;
			files = (
				579686922CF47BE300495313 /* LocalEventOrgUITestsLaunchTests.swift in Sources */,
				579686902CF47BE300495313 /* LocalEventOrgUITests.swift in Sources */,
			);
			runOnlyForDeploymentPostprocessing = 0;
		};
/* End PBXSourcesBuildPhase section */

/* Begin PBXTargetDependency section */
		579686832CF47BE300495313 /* PBXTargetDependency */ = {
			isa = PBXTargetDependency;
			target = 5796866A2CF47BE000495313 /* LocalEventOrg */;
			targetProxy = 579686822CF47BE300495313 /* PBXContainerItemProxy */;
		};
		5796868D2CF47BE300495313 /* PBXTargetDependency */ = {
			isa = PBXTargetDependency;
			target = 5796866A2CF47BE000495313 /* LocalEventOrg */;
			targetProxy = 5796868C2CF47BE300495313 /* PBXContainerItemProxy */;
		};
/* End PBXTargetDependency section */

/* Begin PBXVariantGroup section */
		579686742CF47BE000495313 /* Main.storyboard */ = {
			isa = PBXVariantGroup;
			children = (
				579686752CF47BE000495313 /* Base */,
			);
			name = Main.storyboard;
			sourceTree = "<group>";
		};
		579686792CF47BE200495313 /* LaunchScreen.storyboard */ = {
			isa = PBXVariantGroup;
			children = (
				5796867A2CF47BE200495313 /* Base */,
			);
			name = LaunchScreen.storyboard;
			sourceTree = "<group>";
		};
/* End PBXVariantGroup section */

/* Begin XCBuildConfiguration section */
		579686932CF47BE300495313 /* Debug */ = {
			isa = XCBuildConfiguration;
			buildSettings = {
				ALWAYS_SEARCH_USER_PATHS = NO;
				ASSETCATALOG_COMPILER_GENERATE_SWIFT_ASSET_SYMBOL_EXTENSIONS = YES;
				CLANG_ANALYZER_NONNULL = YES;
				CLANG_ANALYZER_NUMBER_OBJECT_CONVERSION = YES_AGGRESSIVE;
				CLANG_CXX_LANGUAGE_STANDARD = "gnu++20";
				CLANG_ENABLE_MODULES = YES;
				CLANG_ENABLE_OBJC_ARC = YES;
				CLANG_ENABLE_OBJC_WEAK = YES;
				CLANG_WARN_BLOCK_CAPTURE_AUTORELEASING = YES;
				CLANG_WARN_BOOL_CONVERSION = YES;
				CLANG_WARN_COMMA = YES;
				CLANG_WARN_CONSTANT_CONVERSION = YES;
				CLANG_WARN_DEPRECATED_OBJC_IMPLEMENTATIONS = YES;
				CLANG_WARN_DIRECT_OBJC_ISA_USAGE = YES_ERROR;
				CLANG_WARN_DOCUMENTATION_COMMENTS = YES;
				CLANG_WARN_EMPTY_BODY = YES;
				CLANG_WARN_ENUM_CONVERSION = YES;
				CLANG_WARN_INFINITE_RECURSION = YES;
				CLANG_WARN_INT_CONVERSION = YES;
				CLANG_WARN_NON_LITERAL_NULL_CONVERSION = YES;
				CLANG_WARN_OBJC_IMPLICIT_RETAIN_SELF = YES;
				CLANG_WARN_OBJC_LITERAL_CONVERSION = YES;
				CLANG_WARN_OBJC_ROOT_CLASS = YES_ERROR;
				CLANG_WARN_QUOTED_INCLUDE_IN_FRAMEWORK_HEADER = YES;
				CLANG_WARN_RANGE_LOOP_ANALYSIS = YES;
				CLANG_WARN_STRICT_PROTOTYPES = YES;
				CLANG_WARN_SUSPICIOUS_MOVE = YES;
				CLANG_WARN_UNGUARDED_AVAILABILITY = YES_AGGRESSIVE;
				CLANG_WARN_UNREACHABLE_CODE = YES;
				CLANG_WARN__DUPLICATE_METHOD_MATCH = YES;
				COPY_PHASE_STRIP = NO;
				DEBUG_INFORMATION_FORMAT = dwarf;
				ENABLE_STRICT_OBJC_MSGSEND = YES;
				ENABLE_TESTABILITY = YES;
				ENABLE_USER_SCRIPT_SANDBOXING = YES;
				GCC_C_LANGUAGE_STANDARD = gnu17;
				GCC_DYNAMIC_NO_PIC = NO;
				GCC_NO_COMMON_BLOCKS = YES;
				GCC_OPTIMIZATION_LEVEL = 0;
				GCC_PREPROCESSOR_DEFINITIONS = (
					"DEBUG=1",
					"$(inherited)",
				);
				GCC_WARN_64_TO_32_BIT_CONVERSION = YES;
				GCC_WARN_ABOUT_RETURN_TYPE = YES_ERROR;
				GCC_WARN_UNDECLARED_SELECTOR = YES;
				GCC_WARN_UNINITIALIZED_AUTOS = YES_AGGRESSIVE;
				GCC_WARN_UNUSED_FUNCTION = YES;
				GCC_WARN_UNUSED_VARIABLE = YES;
				IPHONEOS_DEPLOYMENT_TARGET = 17.2;
				LOCALIZATION_PREFERS_STRING_CATALOGS = YES;
				MTL_ENABLE_DEBUG_INFO = INCLUDE_SOURCE;
				MTL_FAST_MATH = YES;
				ONLY_ACTIVE_ARCH = YES;
				SDKROOT = iphoneos;
				SWIFT_ACTIVE_COMPILATION_CONDITIONS = "DEBUG $(inherited)";
				SWIFT_OPTIMIZATION_LEVEL = "-Onone";
			};
			name = Debug;
		};
		579686942CF47BE300495313 /* Release */ = {
			isa = XCBuildConfiguration;
			buildSettings = {
				ALWAYS_SEARCH_USER_PATHS = NO;
				ASSETCATALOG_COMPILER_GENERATE_SWIFT_ASSET_SYMBOL_EXTENSIONS = YES;
				CLANG_ANALYZER_NONNULL = YES;
				CLANG_ANALYZER_NUMBER_OBJECT_CONVERSION = YES_AGGRESSIVE;
				CLANG_CXX_LANGUAGE_STANDARD = "gnu++20";
				CLANG_ENABLE_MODULES = YES;
				CLANG_ENABLE_OBJC_ARC = YES;
				CLANG_ENABLE_OBJC_WEAK = YES;
				CLANG_WARN_BLOCK_CAPTURE_AUTORELEASING = YES;
				CLANG_WARN_BOOL_CONVERSION = YES;
				CLANG_WARN_COMMA = YES;
				CLANG_WARN_CONSTANT_CONVERSION = YES;
				CLANG_WARN_DEPRECATED_OBJC_IMPLEMENTATIONS = YES;
				CLANG_WARN_DIRECT_OBJC_ISA_USAGE = YES_ERROR;
				CLANG_WARN_DOCUMENTATION_COMMENTS = YES;
				CLANG_WARN_EMPTY_BODY = YES;
				CLANG_WARN_ENUM_CONVERSION = YES;
				CLANG_WARN_INFINITE_RECURSION = YES;
				CLANG_WARN_INT_CONVERSION = YES;
				CLANG_WARN_NON_LITERAL_NULL_CONVERSION = YES;
				CLANG_WARN_OBJC_IMPLICIT_RETAIN_SELF = YES;
				CLANG_WARN_OBJC_LITERAL_CONVERSION = YES;
				CLANG_WARN_OBJC_ROOT_CLASS = YES_ERROR;
				CLANG_WARN_QUOTED_INCLUDE_IN_FRAMEWORK_HEADER = YES;
				CLANG_WARN_RANGE_LOOP_ANALYSIS = YES;
				CLANG_WARN_STRICT_PROTOTYPES = YES;
				CLANG_WARN_SUSPICIOUS_MOVE = YES;
				CLANG_WARN_UNGUARDED_AVAILABILITY = YES_AGGRESSIVE;
				CLANG_WARN_UNREACHABLE_CODE = YES;
				CLANG_WARN__DUPLICATE_METHOD_MATCH = YES;
				COPY_PHASE_STRIP = NO;
				DEBUG_INFORMATION_FORMAT = "dwarf-with-dsym";
				ENABLE_NS_ASSERTIONS = NO;
				ENABLE_STRICT_OBJC_MSGSEND = YES;
				ENABLE_USER_SCRIPT_SANDBOXING = YES;
				GCC_C_LANGUAGE_STANDARD = gnu17;
				GCC_NO_COMMON_BLOCKS = YES;
				GCC_WARN_64_TO_32_BIT_CONVERSION = YES;
				GCC_WARN_ABOUT_RETURN_TYPE = YES_ERROR;
				GCC_WARN_UNDECLARED_SELECTOR = YES;
				GCC_WARN_UNINITIALIZED_AUTOS = YES_AGGRESSIVE;
				GCC_WARN_UNUSED_FUNCTION = YES;
				GCC_WARN_UNUSED_VARIABLE = YES;
				IPHONEOS_DEPLOYMENT_TARGET = 17.2;
				LOCALIZATION_PREFERS_STRING_CATALOGS = YES;
				MTL_ENABLE_DEBUG_INFO = NO;
				MTL_FAST_MATH = YES;
				SDKROOT = iphoneos;
				SWIFT_COMPILATION_MODE = wholemodule;
				VALIDATE_PRODUCT = YES;
			};
			name = Release;
		};
		579686962CF47BE300495313 /* Debug */ = {
			isa = XCBuildConfiguration;
			buildSettings = {
				ASSETCATALOG_COMPILER_APPICON_NAME = AppIcon;
				ASSETCATALOG_COMPILER_GLOBAL_ACCENT_COLOR_NAME = AccentColor;
				CODE_SIGN_STYLE = Automatic;
				CURRENT_PROJECT_VERSION = 1;
				GENERATE_INFOPLIST_FILE = YES;
				INFOPLIST_FILE = LocalEventOrg/Info.plist;
				INFOPLIST_KEY_UIApplicationSupportsIndirectInputEvents = YES;
				INFOPLIST_KEY_UILaunchStoryboardName = LaunchScreen;
				INFOPLIST_KEY_UIMainStoryboardFile = Main;
				INFOPLIST_KEY_UISupportedInterfaceOrientations_iPad = "UIInterfaceOrientationPortrait UIInterfaceOrientationPortraitUpsideDown UIInterfaceOrientationLandscapeLeft UIInterfaceOrientationLandscapeRight";
				INFOPLIST_KEY_UISupportedInterfaceOrientations_iPhone = "UIInterfaceOrientationPortrait UIInterfaceOrientationLandscapeLeft UIInterfaceOrientationLandscapeRight";
				LD_RUNPATH_SEARCH_PATHS = (
					"$(inherited)",
					"@executable_path/Frameworks",
				);
				MARKETING_VERSION = 1.0;
				PRODUCT_BUNDLE_IDENTIFIER = bp.polytechnic.LocalEventOrg;
				PRODUCT_NAME = "$(TARGET_NAME)";
				SWIFT_EMIT_LOC_STRINGS = YES;
				SWIFT_VERSION = 5.0;
				TARGETED_DEVICE_FAMILY = "1,2";
			};
			name = Debug;
		};
		579686972CF47BE300495313 /* Release */ = {
			isa = XCBuildConfiguration;
			buildSettings = {
				ASSETCATALOG_COMPILER_APPICON_NAME = AppIcon;
				ASSETCATALOG_COMPILER_GLOBAL_ACCENT_COLOR_NAME = AccentColor;
				CODE_SIGN_STYLE = Automatic;
				CURRENT_PROJECT_VERSION = 1;
				GENERATE_INFOPLIST_FILE = YES;
				INFOPLIST_FILE = LocalEventOrg/Info.plist;
				INFOPLIST_KEY_UIApplicationSupportsIndirectInputEvents = YES;
				INFOPLIST_KEY_UILaunchStoryboardName = LaunchScreen;
				INFOPLIST_KEY_UIMainStoryboardFile = Main;
				INFOPLIST_KEY_UISupportedInterfaceOrientations_iPad = "UIInterfaceOrientationPortrait UIInterfaceOrientationPortraitUpsideDown UIInterfaceOrientationLandscapeLeft UIInterfaceOrientationLandscapeRight";
				INFOPLIST_KEY_UISupportedInterfaceOrientations_iPhone = "UIInterfaceOrientationPortrait UIInterfaceOrientationLandscapeLeft UIInterfaceOrientationLandscapeRight";
				LD_RUNPATH_SEARCH_PATHS = (
					"$(inherited)",
					"@executable_path/Frameworks",
				);
				MARKETING_VERSION = 1.0;
				PRODUCT_BUNDLE_IDENTIFIER = bp.polytechnic.LocalEventOrg;
				PRODUCT_NAME = "$(TARGET_NAME)";
				SWIFT_EMIT_LOC_STRINGS = YES;
				SWIFT_VERSION = 5.0;
				TARGETED_DEVICE_FAMILY = "1,2";
			};
			name = Release;
		};
		579686992CF47BE300495313 /* Debug */ = {
			isa = XCBuildConfiguration;
			buildSettings = {
				ALWAYS_EMBED_SWIFT_STANDARD_LIBRARIES = YES;
				BUNDLE_LOADER = "$(TEST_HOST)";
				CODE_SIGN_STYLE = Automatic;
				CURRENT_PROJECT_VERSION = 1;
				GENERATE_INFOPLIST_FILE = YES;
				IPHONEOS_DEPLOYMENT_TARGET = 17.2;
				MARKETING_VERSION = 1.0;
				PRODUCT_BUNDLE_IDENTIFIER = bp.polytechnic.LocalEventOrgTests;
				PRODUCT_NAME = "$(TARGET_NAME)";
				SWIFT_EMIT_LOC_STRINGS = NO;
				SWIFT_VERSION = 5.0;
				TARGETED_DEVICE_FAMILY = "1,2";
				TEST_HOST = "$(BUILT_PRODUCTS_DIR)/LocalEventOrg.app/$(BUNDLE_EXECUTABLE_FOLDER_PATH)/LocalEventOrg";
			};
			name = Debug;
		};
		5796869A2CF47BE300495313 /* Release */ = {
			isa = XCBuildConfiguration;
			buildSettings = {
				ALWAYS_EMBED_SWIFT_STANDARD_LIBRARIES = YES;
				BUNDLE_LOADER = "$(TEST_HOST)";
				CODE_SIGN_STYLE = Automatic;
				CURRENT_PROJECT_VERSION = 1;
				GENERATE_INFOPLIST_FILE = YES;
				IPHONEOS_DEPLOYMENT_TARGET = 17.2;
				MARKETING_VERSION = 1.0;
				PRODUCT_BUNDLE_IDENTIFIER = bp.polytechnic.LocalEventOrgTests;
				PRODUCT_NAME = "$(TARGET_NAME)";
				SWIFT_EMIT_LOC_STRINGS = NO;
				SWIFT_VERSION = 5.0;
				TARGETED_DEVICE_FAMILY = "1,2";
				TEST_HOST = "$(BUILT_PRODUCTS_DIR)/LocalEventOrg.app/$(BUNDLE_EXECUTABLE_FOLDER_PATH)/LocalEventOrg";
			};
			name = Release;
		};
		5796869C2CF47BE300495313 /* Debug */ = {
			isa = XCBuildConfiguration;
			buildSettings = {
				ALWAYS_EMBED_SWIFT_STANDARD_LIBRARIES = YES;
				CODE_SIGN_STYLE = Automatic;
				CURRENT_PROJECT_VERSION = 1;
				GENERATE_INFOPLIST_FILE = YES;
				MARKETING_VERSION = 1.0;
				PRODUCT_BUNDLE_IDENTIFIER = bp.polytechnic.LocalEventOrgUITests;
				PRODUCT_NAME = "$(TARGET_NAME)";
				SWIFT_EMIT_LOC_STRINGS = NO;
				SWIFT_VERSION = 5.0;
				TARGETED_DEVICE_FAMILY = "1,2";
				TEST_TARGET_NAME = LocalEventOrg;
			};
			name = Debug;
		};
		5796869D2CF47BE300495313 /* Release */ = {
			isa = XCBuildConfiguration;
			buildSettings = {
				ALWAYS_EMBED_SWIFT_STANDARD_LIBRARIES = YES;
				CODE_SIGN_STYLE = Automatic;
				CURRENT_PROJECT_VERSION = 1;
				GENERATE_INFOPLIST_FILE = YES;
				MARKETING_VERSION = 1.0;
				PRODUCT_BUNDLE_IDENTIFIER = bp.polytechnic.LocalEventOrgUITests;
				PRODUCT_NAME = "$(TARGET_NAME)";
				SWIFT_EMIT_LOC_STRINGS = NO;
				SWIFT_VERSION = 5.0;
				TARGETED_DEVICE_FAMILY = "1,2";
				TEST_TARGET_NAME = LocalEventOrg;
			};
			name = Release;
		};
/* End XCBuildConfiguration section */

/* Begin XCConfigurationList section */
		579686662CF47BE000495313 /* Build configuration list for PBXProject "LocalEventOrg" */ = {
			isa = XCConfigurationList;
			buildConfigurations = (
				579686932CF47BE300495313 /* Debug */,
				579686942CF47BE300495313 /* Release */,
			);
			defaultConfigurationIsVisible = 0;
			defaultConfigurationName = Release;
		};
		579686952CF47BE300495313 /* Build configuration list for PBXNativeTarget "LocalEventOrg" */ = {
			isa = XCConfigurationList;
			buildConfigurations = (
				579686962CF47BE300495313 /* Debug */,
				579686972CF47BE300495313 /* Release */,
			);
			defaultConfigurationIsVisible = 0;
			defaultConfigurationName = Release;
		};
		579686982CF47BE300495313 /* Build configuration list for PBXNativeTarget "LocalEventOrgTests" */ = {
			isa = XCConfigurationList;
			buildConfigurations = (
				579686992CF47BE300495313 /* Debug */,
				5796869A2CF47BE300495313 /* Release */,
			);
			defaultConfigurationIsVisible = 0;
			defaultConfigurationName = Release;
		};
		5796869B2CF47BE300495313 /* Build configuration list for PBXNativeTarget "LocalEventOrgUITests" */ = {
			isa = XCConfigurationList;
			buildConfigurations = (
				5796869C2CF47BE300495313 /* Debug */,
				5796869D2CF47BE300495313 /* Release */,
			);
			defaultConfigurationIsVisible = 0;
			defaultConfigurationName = Release;
		};
/* End XCConfigurationList section */

/* Begin XCRemoteSwiftPackageReference section */
		72AA37B32D1301ED00B73B10 /* XCRemoteSwiftPackageReference "firebase-ios-sdk" */ = {
			isa = XCRemoteSwiftPackageReference;
			repositoryURL = "https://github.com/firebase/firebase-ios-sdk";
			requirement = {
				kind = upToNextMajorVersion;
				minimumVersion = 11.6.0;
			};
		};
/* End XCRemoteSwiftPackageReference section */

/* Begin XCSwiftPackageProductDependency section */
		72AA37B42D13031A00B73B10 /* FirebaseAnalytics */ = {
			isa = XCSwiftPackageProductDependency;
			package = 72AA37B32D1301ED00B73B10 /* XCRemoteSwiftPackageReference "firebase-ios-sdk" */;
			productName = FirebaseAnalytics;
		};
		72AA37B72D13094F00B73B10 /* FirebaseAuth */ = {
			isa = XCSwiftPackageProductDependency;
			package = 72AA37B32D1301ED00B73B10 /* XCRemoteSwiftPackageReference "firebase-ios-sdk" */;
			productName = FirebaseAuth;
		};
		7FF35FA82D1D6FD300783714 /* FirebaseDatabase */ = {
			isa = XCSwiftPackageProductDependency;
			package = 72AA37B32D1301ED00B73B10 /* XCRemoteSwiftPackageReference "firebase-ios-sdk" */;
			productName = FirebaseDatabase;
		};
/* End XCSwiftPackageProductDependency section */
	};
	rootObject = 579686632CF47BE000495313 /* Project object */;
}
